
Microsoft Visual Studio Solution File, Format Version 12.00
# Visual Studio Version 17
VisualStudioVersion = 17.0.31903.59
MinimumVisualStudioVersion = 10.0.40219.1
Project("{2150E333-8FDC-42A3-9474-1A3956D46DE8}") = "src", "src", "{18CDD761-8516-4AA8-B64E-8E3F3C7B3C9F}"
EndProject
Project("{FAE04EC0-301F-11D3-BF4B-00C04F79EFBC}") = "Gateway", "src\Gateway\Gateway.csproj", "{A275EF65-92AF-481D-B240-DC946E46AC90}"
EndProject
Project("{2150E333-8FDC-42A3-9474-1A3956D46DE8}") = "Services", "Services", "{20222BB7-E500-4E03-8D3C-855B627F0430}"
EndProject
Project("{FAE04EC0-301F-11D3-BF4B-00C04F79EFBC}") = "FamilyGraph.API", "src\Services\FamilyGraph\FamilyGraph.API.csproj", "{1D12B84E-A9EF-4E0D-A96C-22C816D0424A}"
EndProject
Project("{FAE04EC0-301F-11D3-BF4B-00C04F79EFBC}") = "Identity.API", "src\Services\Identity\Identity.API.csproj", "{376FF9A2-FCEB-4630-B059-233D32219B7E}"
EndProject
Project("{FAE04EC0-301F-11D3-BF4B-00C04F79EFBC}") = "Message.API", "src\Services\Message\Message.API.csproj", "{4952675E-FB0D-47AA-A5AD-347325FBA50E}"
EndProject
Project("{FAE04EC0-301F-11D3-BF4B-00C04F79EFBC}") = "Notification.API", "src\Services\Notification\Notification.API.csproj", "{5C71E08F-D3B0-4E0B-B83D-FDF321905AD5}"
EndProject
Project("{FAE04EC0-301F-11D3-BF4B-00C04F79EFBC}") = "RealtimeHub.API", "src\Services\RealtimeHub\RealtimeHub.API.csproj", "{0982AB66-2663-48E5-A72F-82557FD2012E}"
EndProject
Project("{FAE04EC0-301F-11D3-BF4B-00C04F79EFBC}") = "Room.API", "src\Services\Room\Room.API.csproj", "{588A37DE-A721-464F-AC06-294ADF647E26}"
EndProject
Project("{2150E333-8FDC-42A3-9474-1A3956D46DE8}") = "Shared", "Shared", "{DD559E6A-E6A5-466B-8570-477BBCC4C3DC}"
EndProject
Project("{FAE04EC0-301F-11D3-BF4B-00C04F79EFBC}") = "FamilyChat.Contracts", "src\Shared\FamilyChat.Contracts\FamilyChat.Contracts.csproj", "{FE93299B-2A38-4519-83B9-5C1FCB63FE05}"
EndProject
Project("{FAE04EC0-301F-11D3-BF4B-00C04F79EFBC}") = "FamilyChat.ServiceDefaults", "src\Shared\FamilyChat.ServiceDefaults\FamilyChat.ServiceDefaults.csproj", "{0A7D6D22-ED8E-478A-AEC2-EE3311AE9840}"
EndProject
Project("{2150E333-8FDC-42A3-9474-1A3956D46DE8}") = "tests", "tests", "{D09B042E-2E11-4A43-B819-0133A398CA33}"
EndProject
Project("{FAE04EC0-301F-11D3-BF4B-00C04F79EFBC}") = "FamilyChat.Contracts.Tests", "tests\FamilyChat.Contracts.Tests\FamilyChat.Contracts.Tests.csproj", "{2A334EA3-6152-4074-978F-2799779C7BCB}"
EndProject
Project("{FAE04EC0-301F-11D3-BF4B-00C04F79EFBC}") = "Room.API.Tests", "tests\Room.API.Tests\Room.API.Tests.csproj", "{BA29D98E-96BC-431D-8A81-D332663CC9AA}"
EndProject
Project("{FAE04EC0-301F-11D3-BF4B-00C04F79EFBC}") = "Persistence.IntegrationTests", "tests\Persistence.IntegrationTests\Persistence.IntegrationTests.csproj", "{F7AB0ACF-00E7-4426-B687-D1609651946B}"
EndProject
Project("{FAE04EC0-301F-11D3-BF4B-00C04F79EFBC}") = "Identity.API.Tests", "tests\Identity.API.Tests\Identity.API.Tests.csproj", "{DD8FC93F-58C4-488D-817A-1638E062BB37}"
EndProject
Project("{FAE04EC0-301F-11D3-BF4B-00C04F79EFBC}") = "FamilyGraph.API.Tests", "tests\FamilyGraph.API.Tests\FamilyGraph.API.Tests.csproj", "{55B4F50F-5F50-4D6B-A1C6-317D5681BBF8}"
EndProject
Project("{FAE04EC0-301F-11D3-BF4B-00C04F79EFBC}") = "Message.API.Tests", "tests\Message.API.Tests\Message.API.Tests.csproj", "{C3CEFB08-C7E2-4BA0-A989-F81CEE91207F}"
EndProject
Project("{FAE04EC0-301F-11D3-BF4B-00C04F79EFBC}") = "Notification.API.Tests", "tests\Notification.API.Tests\Notification.API.Tests.csproj", "{E070B962-9AB9-48FD-A71B-BE29872A306A}"
EndProject
Project("{FAE04EC0-301F-11D3-BF4B-00C04F79EFBC}") = "Gateway.Tests", "tests\Gateway.Tests\Gateway.Tests.csproj", "{01E776B2-01D1-4E1F-9AEE-9DD7BDCC88BD}"
EndProject
Global
	GlobalSection(SolutionConfigurationPlatforms) = preSolution
		Debug|Any CPU = Debug|Any CPU
		Release|Any CPU = Release|Any CPU
	EndGlobalSection
	GlobalSection(SolutionProperties) = preSolution
		HideSolutionNode = FALSE
	EndGlobalSection
	GlobalSection(ProjectConfigurationPlatforms) = postSolution
		{A275EF65-92AF-481D-B240-DC946E46AC90}.Debug|Any CPU.ActiveCfg = Debug|Any CPU
		{A275EF65-92AF-481D-B240-DC946E46AC90}.Debug|Any CPU.Build.0 = Debug|Any CPU
		{A275EF65-92AF-481D-B240-DC946E46AC90}.Release|Any CPU.ActiveCfg = Release|Any CPU
		{A275EF65-92AF-481D-B240-DC946E46AC90}.Release|Any CPU.Build.0 = Release|Any CPU
		{1D12B84E-A9EF-4E0D-A96C-22C816D0424A}.Debug|Any CPU.ActiveCfg = Debug|Any CPU
		{1D12B84E-A9EF-4E0D-A96C-22C816D0424A}.Debug|Any CPU.Build.0 = Debug|Any CPU
		{1D12B84E-A9EF-4E0D-A96C-22C816D0424A}.Release|Any CPU.ActiveCfg = Release|Any CPU
		{1D12B84E-A9EF-4E0D-A96C-22C816D0424A}.Release|Any CPU.Build.0 = Release|Any CPU
		{376FF9A2-FCEB-4630-B059-233D32219B7E}.Debug|Any CPU.ActiveCfg = Debug|Any CPU
		{376FF9A2-FCEB-4630-B059-233D32219B7E}.Debug|Any CPU.Build.0 = Debug|Any CPU
		{376FF9A2-FCEB-4630-B059-233D32219B7E}.Release|Any CPU.ActiveCfg = Release|Any CPU
		{376FF9A2-FCEB-4630-B059-233D32219B7E}.Release|Any CPU.Build.0 = Release|Any CPU
		{4952675E-FB0D-47AA-A5AD-347325FBA50E}.Debug|Any CPU.ActiveCfg = Debug|Any CPU
		{4952675E-FB0D-47AA-A5AD-347325FBA50E}.Debug|Any CPU.Build.0 = Debug|Any CPU
		{4952675E-FB0D-47AA-A5AD-347325FBA50E}.Release|Any CPU.ActiveCfg = Release|Any CPU
		{4952675E-FB0D-47AA-A5AD-347325FBA50E}.Release|Any CPU.Build.0 = Release|Any CPU
		{5C71E08F-D3B0-4E0B-B83D-FDF321905AD5}.Debug|Any CPU.ActiveCfg = Debug|Any CPU
		{5C71E08F-D3B0-4E0B-B83D-FDF321905AD5}.Debug|Any CPU.Build.0 = Debug|Any CPU
		{5C71E08F-D3B0-4E0B-B83D-FDF321905AD5}.Release|Any CPU.ActiveCfg = Release|Any CPU
		{5C71E08F-D3B0-4E0B-B83D-FDF321905AD5}.Release|Any CPU.Build.0 = Release|Any CPU
		{0982AB66-2663-48E5-A72F-82557FD2012E}.Debug|Any CPU.ActiveCfg = Debug|Any CPU
		{0982AB66-2663-48E5-A72F-82557FD2012E}.Debug|Any CPU.Build.0 = Debug|Any CPU
		{0982AB66-2663-48E5-A72F-82557FD2012E}.Release|Any CPU.ActiveCfg = Release|Any CPU
		{0982AB66-2663-48E5-A72F-82557FD2012E}.Release|Any CPU.Build.0 = Release|Any CPU
		{588A37DE-A721-464F-AC06-294ADF647E26}.Debug|Any CPU.ActiveCfg = Debug|Any CPU
		{588A37DE-A721-464F-AC06-294ADF647E26}.Debug|Any CPU.Build.0 = Debug|Any CPU
		{588A37DE-A721-464F-AC06-294ADF647E26}.Release|Any CPU.ActiveCfg = Release|Any CPU
		{588A37DE-A721-464F-AC06-294ADF647E26}.Release|Any CPU.Build.0 = Release|Any CPU
		{FE93299B-2A38-4519-83B9-5C1FCB63FE05}.Debug|Any CPU.ActiveCfg = Debug|Any CPU
		{FE93299B-2A38-4519-83B9-5C1FCB63FE05}.Debug|Any CPU.Build.0 = Debug|Any CPU
		{FE93299B-2A38-4519-83B9-5C1FCB63FE05}.Release|Any CPU.ActiveCfg = Release|Any CPU
		{FE93299B-2A38-4519-83B9-5C1FCB63FE05}.Release|Any CPU.Build.0 = Release|Any CPU
		{0A7D6D22-ED8E-478A-AEC2-EE3311AE9840}.Debug|Any CPU.ActiveCfg = Debug|Any CPU
		{0A7D6D22-ED8E-478A-AEC2-EE3311AE9840}.Debug|Any CPU.Build.0 = Debug|Any CPU
		{0A7D6D22-ED8E-478A-AEC2-EE3311AE9840}.Release|Any CPU.ActiveCfg = Release|Any CPU
		{0A7D6D22-ED8E-478A-AEC2-EE3311AE9840}.Release|Any CPU.Build.0 = Release|Any CPU
		{2A334EA3-6152-4074-978F-2799779C7BCB}.Debug|Any CPU.ActiveCfg = Debug|Any CPU
		{2A334EA3-6152-4074-978F-2799779C7BCB}.Debug|Any CPU.Build.0 = Debug|Any CPU
		{2A334EA3-6152-4074-978F-2799779C7BCB}.Release|Any CPU.ActiveCfg = Release|Any CPU
		{2A334EA3-6152-4074-978F-2799779C7BCB}.Release|Any CPU.Build.0 = Release|Any CPU
		{BA29D98E-96BC-431D-8A81-D332663CC9AA}.Debug|Any CPU.ActiveCfg = Debug|Any CPU
		{BA29D98E-96BC-431D-8A81-D332663CC9AA}.Debug|Any CPU.Build.0 = Debug|Any CPU
		{BA29D98E-96BC-431D-8A81-D332663CC9AA}.Release|Any CPU.ActiveCfg = Release|Any CPU
		{BA29D98E-96BC-431D-8A81-D332663CC9AA}.Release|Any CPU.Build.0 = Release|Any CPU
		{F7AB0ACF-00E7-4426-B687-D1609651946B}.Debug|Any CPU.ActiveCfg = Debug|Any CPU
		{F7AB0ACF-00E7-4426-B687-D1609651946B}.Debug|Any CPU.Build.0 = Debug|Any CPU
		{F7AB0ACF-00E7-4426-B687-D1609651946B}.Release|Any CPU.ActiveCfg = Release|Any CPU
		{F7AB0ACF-00E7-4426-B687-D1609651946B}.Release|Any CPU.Build.0 = Release|Any CPU
		{DD8FC93F-58C4-488D-817A-1638E062BB37}.Debug|Any CPU.ActiveCfg = Debug|Any CPU
		{DD8FC93F-58C4-488D-817A-1638E062BB37}.Debug|Any CPU.Build.0 = Debug|Any CPU
		{DD8FC93F-58C4-488D-817A-1638E062BB37}.Release|Any CPU.ActiveCfg = Release|Any CPU
		{DD8FC93F-58C4-488D-817A-1638E062BB37}.Release|Any CPU.Build.0 = Release|Any CPU
		{55B4F50F-5F50-4D6B-A1C6-317D5681BBF8}.Debug|Any CPU.ActiveCfg = Debug|Any CPU
		{55B4F50F-5F50-4D6B-A1C6-317D5681BBF8}.Debug|Any CPU.Build.0 = Debug|Any CPU
		{55B4F50F-5F50-4D6B-A1C6-317D5681BBF8}.Release|Any CPU.ActiveCfg = Release|Any CPU
		{55B4F50F-5F50-4D6B-A1C6-317D5681BBF8}.Release|Any CPU.Build.0 = Release|Any CPU
		{C3CEFB08-C7E2-4BA0-A989-F81CEE91207F}.Debug|Any CPU.ActiveCfg = Debug|Any CPU
		{C3CEFB08-C7E2-4BA0-A989-F81CEE91207F}.Debug|Any CPU.Build.0 = Debug|Any CPU
		{C3CEFB08-C7E2-4BA0-A989-F81CEE91207F}.Release|Any CPU.ActiveCfg = Release|Any CPU
		{C3CEFB08-C7E2-4BA0-A989-F81CEE91207F}.Release|Any CPU.Build.0 = Release|Any CPU
		{E070B962-9AB9-48FD-A71B-BE29872A306A}.Debug|Any CPU.ActiveCfg = Debug|Any CPU
		{E070B962-9AB9-48FD-A71B-BE29872A306A}.Debug|Any CPU.Build.0 = Debug|Any CPU
		{E070B962-9AB9-48FD-A71B-BE29872A306A}.Release|Any CPU.ActiveCfg = Release|Any CPU
		{E070B962-9AB9-48FD-A71B-BE29872A306A}.Release|Any CPU.Build.0 = Release|Any CPU
		{01E776B2-01D1-4E1F-9AEE-9DD7BDCC88BD}.Debug|Any CPU.ActiveCfg = Debug|Any CPU
		{01E776B2-01D1-4E1F-9AEE-9DD7BDCC88BD}.Debug|Any CPU.Build.0 = Debug|Any CPU
		{01E776B2-01D1-4E1F-9AEE-9DD7BDCC88BD}.Release|Any CPU.ActiveCfg = Release|Any CPU
		{01E776B2-01D1-4E1F-9AEE-9DD7BDCC88BD}.Release|Any CPU.Build.0 = Release|Any CPU
	EndGlobalSection
	GlobalSection(NestedProjects) = preSolution
		{A275EF65-92AF-481D-B240-DC946E46AC90} = {18CDD761-8516-4AA8-B64E-8E3F3C7B3C9F}
		{20222BB7-E500-4E03-8D3C-855B627F0430} = {18CDD761-8516-4AA8-B64E-8E3F3C7B3C9F}
		{1D12B84E-A9EF-4E0D-A96C-22C816D0424A} = {20222BB7-E500-4E03-8D3C-855B627F0430}
		{376FF9A2-FCEB-4630-B059-233D32219B7E} = {20222BB7-E500-4E03-8D3C-855B627F0430}
		{4952675E-FB0D-47AA-A5AD-347325FBA50E} = {20222BB7-E500-4E03-8D3C-855B627F0430}
		{5C71E08F-D3B0-4E0B-B83D-FDF321905AD5} = {20222BB7-E500-4E03-8D3C-855B627F0430}
		{0982AB66-2663-48E5-A72F-82557FD2012E} = {20222BB7-E500-4E03-8D3C-855B627F0430}
		{588A37DE-A721-464F-AC06-294ADF647E26} = {20222BB7-E500-4E03-8D3C-855B627F0430}
		{DD559E6A-E6A5-466B-8570-477BBCC4C3DC} = {18CDD761-8516-4AA8-B64E-8E3F3C7B3C9F}
		{FE93299B-2A38-4519-83B9-5C1FCB63FE05} = {DD559E6A-E6A5-466B-8570-477BBCC4C3DC}
		{0A7D6D22-ED8E-478A-AEC2-EE3311AE9840} = {DD559E6A-E6A5-466B-8570-477BBCC4C3DC}
		{2A334EA3-6152-4074-978F-2799779C7BCB} = {D09B042E-2E11-4A43-B819-0133A398CA33}
		{BA29D98E-96BC-431D-8A81-D332663CC9AA} = {D09B042E-2E11-4A43-B819-0133A398CA33}
		{F7AB0ACF-00E7-4426-B687-D1609651946B} = {D09B042E-2E11-4A43-B819-0133A398CA33}
		{DD8FC93F-58C4-488D-817A-1638E062BB37} = {D09B042E-2E11-4A43-B819-0133A398CA33}
		{55B4F50F-5F50-4D6B-A1C6-317D5681BBF8} = {D09B042E-2E11-4A43-B819-0133A398CA33}
		{C3CEFB08-C7E2-4BA0-A989-F81CEE91207F} = {D09B042E-2E11-4A43-B819-0133A398CA33}
		{E070B962-9AB9-48FD-A71B-BE29872A306A} = {D09B042E-2E11-4A43-B819-0133A398CA33}
		{01E776B2-01D1-4E1F-9AEE-9DD7BDCC88BD} = {D09B042E-2E11-4A43-B819-0133A398CA33}
	EndGlobalSection
EndGlobal
